// !$*UTF8*$!
{
	archiveVersion = 1;
	classes = {
	};
	objectVersion = 56;
	objects = {

/* Begin PBXBuildFile section */
		E1BF56872B0AF6BF002444E6 /* AppDelegate.swift in Sources */ = {isa = PBXBuildFile; fileRef = E1BF56862B0AF6BF002444E6 /* AppDelegate.swift */; };
		E1BF56892B0AF6C0002444E6 /* SceneDelegate.swift in Sources */ = {isa = PBXBuildFile; fileRef = E1BF56882B0AF6C0002444E6 /* SceneDelegate.swift */; };
		E1BF568B2B0AF6C0002444E6 /* ViewController.swift in Sources */ = {isa = PBXBuildFile; fileRef = E1BF568A2B0AF6C0002444E6 /* ViewController.swift */; };
		E1BF568E2B0AF6C0002444E6 /* Main.storyboard in Resources */ = {isa = PBXBuildFile; fileRef = E1BF568C2B0AF6C0002444E6 /* Main.storyboard */; };
		E1BF56902B0AF6C1002444E6 /* Assets.xcassets in Resources */ = {isa = PBXBuildFile; fileRef = E1BF568F2B0AF6C1002444E6 /* Assets.xcassets */; };
		E1BF56932B0AF6C1002444E6 /* LaunchScreen.storyboard in Resources */ = {isa = PBXBuildFile; fileRef = E1BF56912B0AF6C1002444E6 /* LaunchScreen.storyboard */; };
		E1BF569E2B0AF6C1002444E6 /* Sole_ControlTests.swift in Sources */ = {isa = PBXBuildFile; fileRef = E1BF569D2B0AF6C1002444E6 /* Sole_ControlTests.swift */; };
		E1BF56A82B0AF6C1002444E6 /* Sole_ControlUITests.swift in Sources */ = {isa = PBXBuildFile; fileRef = E1BF56A72B0AF6C1002444E6 /* Sole_ControlUITests.swift */; };
		E1BF56AA2B0AF6C1002444E6 /* Sole_ControlUITestsLaunchTests.swift in Sources */ = {isa = PBXBuildFile; fileRef = E1BF56A92B0AF6C1002444E6 /* Sole_ControlUITestsLaunchTests.swift */; };
/* End PBXBuildFile section */

/* Begin PBXContainerItemProxy section */
		E1BF569A2B0AF6C1002444E6 /* PBXContainerItemProxy */ = {
			isa = PBXContainerItemProxy;
			containerPortal = E1BF567B2B0AF6BF002444E6 /* Project object */;
			proxyType = 1;
			remoteGlobalIDString = E1BF56822B0AF6BF002444E6;
			remoteInfo = "Sole Control";
		};
		E1BF56A42B0AF6C1002444E6 /* PBXContainerItemProxy */ = {
			isa = PBXContainerItemProxy;
			containerPortal = E1BF567B2B0AF6BF002444E6 /* Project object */;
			proxyType = 1;
			remoteGlobalIDString = E1BF56822B0AF6BF002444E6;
			remoteInfo = "Sole Control";
		};
/* End PBXContainerItemProxy section */

/* Begin PBXFileReference section */
		E1BF56832B0AF6BF002444E6 /* Sole Control.app */ = {isa = PBXFileReference; explicitFileType = wrapper.application; includeInIndex = 0; path = "Sole Control.app"; sourceTree = BUILT_PRODUCTS_DIR; };
		E1BF56862B0AF6BF002444E6 /* AppDelegate.swift */ = {isa = PBXFileReference; lastKnownFileType = sourcecode.swift; path = AppDelegate.swift; sourceTree = "<group>"; };
		E1BF56882B0AF6C0002444E6 /* SceneDelegate.swift */ = {isa = PBXFileReference; lastKnownFileType = sourcecode.swift; path = SceneDelegate.swift; sourceTree = "<group>"; };
		E1BF568A2B0AF6C0002444E6 /* ViewController.swift */ = {isa = PBXFileReference; lastKnownFileType = sourcecode.swift; path = ViewController.swift; sourceTree = "<group>"; };
		E1BF568D2B0AF6C0002444E6 /* Base */ = {isa = PBXFileReference; lastKnownFileType = file.storyboard; name = Base; path = Base.lproj/Main.storyboard; sourceTree = "<group>"; };
		E1BF568F2B0AF6C1002444E6 /* Assets.xcassets */ = {isa = PBXFileReference; lastKnownFileType = folder.assetcatalog; path = Assets.xcassets; sourceTree = "<group>"; };
		E1BF56922B0AF6C1002444E6 /* Base */ = {isa = PBXFileReference; lastKnownFileType = file.storyboard; name = Base; path = Base.lproj/LaunchScreen.storyboard; sourceTree = "<group>"; };
		E1BF56942B0AF6C1002444E6 /* Info.plist */ = {isa = PBXFileReference; lastKnownFileType = text.plist.xml; path = Info.plist; sourceTree = "<group>"; };
		E1BF56992B0AF6C1002444E6 /* Sole ControlTests.xctest */ = {isa = PBXFileReference; explicitFileType = wrapper.cfbundle; includeInIndex = 0; path = "Sole ControlTests.xctest"; sourceTree = BUILT_PRODUCTS_DIR; };
		E1BF569D2B0AF6C1002444E6 /* Sole_ControlTests.swift */ = {isa = PBXFileReference; lastKnownFileType = sourcecode.swift; path = Sole_ControlTests.swift; sourceTree = "<group>"; };
		E1BF56A32B0AF6C1002444E6 /* Sole ControlUITests.xctest */ = {isa = PBXFileReference; explicitFileType = wrapper.cfbundle; includeInIndex = 0; path = "Sole ControlUITests.xctest"; sourceTree = BUILT_PRODUCTS_DIR; };
		E1BF56A72B0AF6C1002444E6 /* Sole_ControlUITests.swift */ = {isa = PBXFileReference; lastKnownFileType = sourcecode.swift; path = Sole_ControlUITests.swift; sourceTree = "<group>"; };
		E1BF56A92B0AF6C1002444E6 /* Sole_ControlUITestsLaunchTests.swift */ = {isa = PBXFileReference; lastKnownFileType = sourcecode.swift; path = Sole_ControlUITestsLaunchTests.swift; sourceTree = "<group>"; };
/* End PBXFileReference section */

/* Begin PBXFrameworksBuildPhase section */
		E1BF56802B0AF6BF002444E6 /* Frameworks */ = {
			isa = PBXFrameworksBuildPhase;
			buildActionMask = 2147483647;
			files = (
			);
			runOnlyForDeploymentPostprocessing = 0;
		};
		E1BF56962B0AF6C1002444E6 /* Frameworks */ = {
			isa = PBXFrameworksBuildPhase;
			buildActionMask = 2147483647;
			files = (
			);
			runOnlyForDeploymentPostprocessing = 0;
		};
		E1BF56A02B0AF6C1002444E6 /* Frameworks */ = {
			isa = PBXFrameworksBuildPhase;
			buildActionMask = 2147483647;
			files = (
			);
			runOnlyForDeploymentPostprocessing = 0;
		};
/* End PBXFrameworksBuildPhase section */

/* Begin PBXGroup section */
		E1BF567A2B0AF6BF002444E6 = {
			isa = PBXGroup;
			children = (
				E1BF56852B0AF6BF002444E6 /* Sole Control */,
				E1BF569C2B0AF6C1002444E6 /* Sole ControlTests */,
				E1BF56A62B0AF6C1002444E6 /* Sole ControlUITests */,
				E1BF56842B0AF6BF002444E6 /* Products */,
			);
			sourceTree = "<group>";
		};
		E1BF56842B0AF6BF002444E6 /* Products */ = {
			isa = PBXGroup;
			children = (
				E1BF56832B0AF6BF002444E6 /* Sole Control.app */,
				E1BF56992B0AF6C1002444E6 /* Sole ControlTests.xctest */,
				E1BF56A32B0AF6C1002444E6 /* Sole ControlUITests.xctest */,
			);
			name = Products;
			sourceTree = "<group>";
		};
		E1BF56852B0AF6BF002444E6 /* Sole Control */ = {
			isa = PBXGroup;
			children = (
				E1BF56862B0AF6BF002444E6 /* AppDelegate.swift */,
				E1BF56882B0AF6C0002444E6 /* SceneDelegate.swift */,
				E1BF568A2B0AF6C0002444E6 /* ViewController.swift */,
				E1BF568C2B0AF6C0002444E6 /* Main.storyboard */,
				E1BF568F2B0AF6C1002444E6 /* Assets.xcassets */,
				E1BF56912B0AF6C1002444E6 /* LaunchScreen.storyboard */,
				E1BF56942B0AF6C1002444E6 /* Info.plist */,
			);
			path = "Sole Control";
			sourceTree = "<group>";
		};
		E1BF569C2B0AF6C1002444E6 /* Sole ControlTests */ = {
			isa = PBXGroup;
			children = (
				E1BF569D2B0AF6C1002444E6 /* Sole_ControlTests.swift */,
			);
			path = "Sole ControlTests";
			sourceTree = "<group>";
		};
		E1BF56A62B0AF6C1002444E6 /* Sole ControlUITests */ = {
			isa = PBXGroup;
			children = (
				E1BF56A72B0AF6C1002444E6 /* Sole_ControlUITests.swift */,
				E1BF56A92B0AF6C1002444E6 /* Sole_ControlUITestsLaunchTests.swift */,
			);
			path = "Sole ControlUITests";
			sourceTree = "<group>";
		};
/* End PBXGroup section */

/* Begin PBXNativeTarget section */
		E1BF56822B0AF6BF002444E6 /* Sole Control */ = {
			isa = PBXNativeTarget;
			buildConfigurationList = E1BF56AD2B0AF6C1002444E6 /* Build configuration list for PBXNativeTarget "Sole Control" */;
			buildPhases = (
				E1BF567F2B0AF6BF002444E6 /* Sources */,
				E1BF56802B0AF6BF002444E6 /* Frameworks */,
				E1BF56812B0AF6BF002444E6 /* Resources */,
			);
			buildRules = (
			);
			dependencies = (
			);
			name = "Sole Control";
			productName = "Sole Control";
			productReference = E1BF56832B0AF6BF002444E6 /* Sole Control.app */;
			productType = "com.apple.product-type.application";
		};
		E1BF56982B0AF6C1002444E6 /* Sole ControlTests */ = {
			isa = PBXNativeTarget;
			buildConfigurationList = E1BF56B02B0AF6C1002444E6 /* Build configuration list for PBXNativeTarget "Sole ControlTests" */;
			buildPhases = (
				E1BF56952B0AF6C1002444E6 /* Sources */,
				E1BF56962B0AF6C1002444E6 /* Frameworks */,
				E1BF56972B0AF6C1002444E6 /* Resources */,
			);
			buildRules = (
			);
			dependencies = (
				E1BF569B2B0AF6C1002444E6 /* PBXTargetDependency */,
			);
			name = "Sole ControlTests";
			productName = "Sole ControlTests";
			productReference = E1BF56992B0AF6C1002444E6 /* Sole ControlTests.xctest */;
			productType = "com.apple.product-type.bundle.unit-test";
		};
		E1BF56A22B0AF6C1002444E6 /* Sole ControlUITests */ = {
			isa = PBXNativeTarget;
			buildConfigurationList = E1BF56B32B0AF6C1002444E6 /* Build configuration list for PBXNativeTarget "Sole ControlUITests" */;
			buildPhases = (
				E1BF569F2B0AF6C1002444E6 /* Sources */,
				E1BF56A02B0AF6C1002444E6 /* Frameworks */,
				E1BF56A12B0AF6C1002444E6 /* Resources */,
			);
			buildRules = (
			);
			dependencies = (
				E1BF56A52B0AF6C1002444E6 /* PBXTargetDependency */,
			);
			name = "Sole ControlUITests";
			productName = "Sole ControlUITests";
			productReference = E1BF56A32B0AF6C1002444E6 /* Sole ControlUITests.xctest */;
			productType = "com.apple.product-type.bundle.ui-testing";
		};
/* End PBXNativeTarget section */

/* Begin PBXProject section */
		E1BF567B2B0AF6BF002444E6 /* Project object */ = {
			isa = PBXProject;
			attributes = {
				BuildIndependentTargetsInParallel = 1;
				LastSwiftUpdateCheck = 1420;
				LastUpgradeCheck = 1420;
				TargetAttributes = {
					E1BF56822B0AF6BF002444E6 = {
						CreatedOnToolsVersion = 14.2;
					};
					E1BF56982B0AF6C1002444E6 = {
						CreatedOnToolsVersion = 14.2;
						TestTargetID = E1BF56822B0AF6BF002444E6;
					};
					E1BF56A22B0AF6C1002444E6 = {
						CreatedOnToolsVersion = 14.2;
						TestTargetID = E1BF56822B0AF6BF002444E6;
					};
				};
			};
			buildConfigurationList = E1BF567E2B0AF6BF002444E6 /* Build configuration list for PBXProject "Sole Control" */;
			compatibilityVersion = "Xcode 14.0";
			developmentRegion = en;
			hasScannedForEncodings = 0;
			knownRegions = (
				en,
				Base,
			);
			mainGroup = E1BF567A2B0AF6BF002444E6;
			productRefGroup = E1BF56842B0AF6BF002444E6 /* Products */;
			projectDirPath = "";
			projectRoot = "";
			targets = (
				E1BF56822B0AF6BF002444E6 /* Sole Control */,
				E1BF56982B0AF6C1002444E6 /* Sole ControlTests */,
				E1BF56A22B0AF6C1002444E6 /* Sole ControlUITests */,
			);
		};
/* End PBXProject section */

/* Begin PBXResourcesBuildPhase section */
		E1BF56812B0AF6BF002444E6 /* Resources */ = {
			isa = PBXResourcesBuildPhase;
			buildActionMask = 2147483647;
			files = (
				E1BF56932B0AF6C1002444E6 /* LaunchScreen.storyboard in Resources */,
				E1BF56902B0AF6C1002444E6 /* Assets.xcassets in Resources */,
				E1BF568E2B0AF6C0002444E6 /* Main.storyboard in Resources */,
			);
			runOnlyForDeploymentPostprocessing = 0;
		};
		E1BF56972B0AF6C1002444E6 /* Resources */ = {
			isa = PBXResourcesBuildPhase;
			buildActionMask = 2147483647;
			files = (
			);
			runOnlyForDeploymentPostprocessing = 0;
		};
		E1BF56A12B0AF6C1002444E6 /* Resources */ = {
			isa = PBXResourcesBuildPhase;
			buildActionMask = 2147483647;
			files = (
			);
			runOnlyForDeploymentPostprocessing = 0;
		};
/* End PBXResourcesBuildPhase section */

/* Begin PBXSourcesBuildPhase section */
		E1BF567F2B0AF6BF002444E6 /* Sources */ = {
			isa = PBXSourcesBuildPhase;
			buildActionMask = 2147483647;
			files = (
				E1BF568B2B0AF6C0002444E6 /* ViewController.swift in Sources */,
				E1BF56872B0AF6BF002444E6 /* AppDelegate.swift in Sources */,
				E1BF56892B0AF6C0002444E6 /* SceneDelegate.swift in Sources */,
			);
			runOnlyForDeploymentPostprocessing = 0;
		};
		E1BF56952B0AF6C1002444E6 /* Sources */ = {
			isa = PBXSourcesBuildPhase;
			buildActionMask = 2147483647;
			files = (
				E1BF569E2B0AF6C1002444E6 /* Sole_ControlTests.swift in Sources */,
			);
			runOnlyForDeploymentPostprocessing = 0;
		};
		E1BF569F2B0AF6C1002444E6 /* Sources */ = {
			isa = PBXSourcesBuildPhase;
			buildActionMask = 2147483647;
			files = (
				E1BF56A82B0AF6C1002444E6 /* Sole_ControlUITests.swift in Sources */,
				E1BF56AA2B0AF6C1002444E6 /* Sole_ControlUITestsLaunchTests.swift in Sources */,
			);
			runOnlyForDeploymentPostprocessing = 0;
		};
/* End PBXSourcesBuildPhase section */

/* Begin PBXTargetDependency section */
		E1BF569B2B0AF6C1002444E6 /* PBXTargetDependency */ = {
			isa = PBXTargetDependency;
			target = E1BF56822B0AF6BF002444E6 /* Sole Control */;
			targetProxy = E1BF569A2B0AF6C1002444E6 /* PBXContainerItemProxy */;
		};
		E1BF56A52B0AF6C1002444E6 /* PBXTargetDependency */ = {
			isa = PBXTargetDependency;
			target = E1BF56822B0AF6BF002444E6 /* Sole Control */;
			targetProxy = E1BF56A42B0AF6C1002444E6 /* PBXContainerItemProxy */;
		};
/* End PBXTargetDependency section */

/* Begin PBXVariantGroup section */
		E1BF568C2B0AF6C0002444E6 /* Main.storyboard */ = {
			isa = PBXVariantGroup;
			children = (
				E1BF568D2B0AF6C0002444E6 /* Base */,
			);
			name = Main.storyboard;
			sourceTree = "<group>";
		};
		E1BF56912B0AF6C1002444E6 /* LaunchScreen.storyboard */ = {
			isa = PBXVariantGroup;
			children = (
				E1BF56922B0AF6C1002444E6 /* Base */,
			);
			name = LaunchScreen.storyboard;
			sourceTree = "<group>";
		};
/* End PBXVariantGroup section */

/* Begin XCBuildConfiguration section */
		E1BF56AB2B0AF6C1002444E6 /* Debug */ = {
			isa = XCBuildConfiguration;
			buildSettings = {
				ALWAYS_SEARCH_USER_PATHS = NO;
				CLANG_ANALYZER_NONNULL = YES;
				CLANG_ANALYZER_NUMBER_OBJECT_CONVERSION = YES_AGGRESSIVE;
				CLANG_CXX_LANGUAGE_STANDARD = "gnu++20";
				CLANG_ENABLE_MODULES = YES;
				CLANG_ENABLE_OBJC_ARC = YES;
				CLANG_ENABLE_OBJC_WEAK = YES;
				CLANG_WARN_BLOCK_CAPTURE_AUTORELEASING = YES;
				CLANG_WARN_BOOL_CONVERSION = YES;
				CLANG_WARN_COMMA = YES;
				CLANG_WARN_CONSTANT_CONVERSION = YES;
				CLANG_WARN_DEPRECATED_OBJC_IMPLEMENTATIONS = YES;
				CLANG_WARN_DIRECT_OBJC_ISA_USAGE = YES_ERROR;
				CLANG_WARN_DOCUMENTATION_COMMENTS = YES;
				CLANG_WARN_EMPTY_BODY = YES;
				CLANG_WARN_ENUM_CONVERSION = YES;
				CLANG_WARN_INFINITE_RECURSION = YES;
				CLANG_WARN_INT_CONVERSION = YES;
				CLANG_WARN_NON_LITERAL_NULL_CONVERSION = YES;
				CLANG_WARN_OBJC_IMPLICIT_RETAIN_SELF = YES;
				CLANG_WARN_OBJC_LITERAL_CONVERSION = YES;
				CLANG_WARN_OBJC_ROOT_CLASS = YES_ERROR;
				CLANG_WARN_QUOTED_INCLUDE_IN_FRAMEWORK_HEADER = YES;
				CLANG_WARN_RANGE_LOOP_ANALYSIS = YES;
				CLANG_WARN_STRICT_PROTOTYPES = YES;
				CLANG_WARN_SUSPICIOUS_MOVE = YES;
				CLANG_WARN_UNGUARDED_AVAILABILITY = YES_AGGRESSIVE;
				CLANG_WARN_UNREACHABLE_CODE = YES;
				CLANG_WARN__DUPLICATE_METHOD_MATCH = YES;
				COPY_PHASE_STRIP = NO;
				DEBUG_INFORMATION_FORMAT = dwarf;
				ENABLE_STRICT_OBJC_MSGSEND = YES;
				ENABLE_TESTABILITY = YES;
				GCC_C_LANGUAGE_STANDARD = gnu11;
				GCC_DYNAMIC_NO_PIC = NO;
				GCC_NO_COMMON_BLOCKS = YES;
				GCC_OPTIMIZATION_LEVEL = 0;
				GCC_PREPROCESSOR_DEFINITIONS = (
					"DEBUG=1",
					"$(inherited)",
				);
				GCC_WARN_64_TO_32_BIT_CONVERSION = YES;
				GCC_WARN_ABOUT_RETURN_TYPE = YES_ERROR;
				GCC_WARN_UNDECLARED_SELECTOR = YES;
				GCC_WARN_UNINITIALIZED_AUTOS = YES_AGGRESSIVE;
				GCC_WARN_UNUSED_FUNCTION = YES;
				GCC_WARN_UNUSED_VARIABLE = YES;
				IPHONEOS_DEPLOYMENT_TARGET = 16.2;
				MTL_ENABLE_DEBUG_INFO = INCLUDE_SOURCE;
				MTL_FAST_MATH = YES;
				ONLY_ACTIVE_ARCH = YES;
				SDKROOT = iphoneos;
				SWIFT_ACTIVE_COMPILATION_CONDITIONS = DEBUG;
				SWIFT_OPTIMIZATION_LEVEL = "-Onone";
			};
			name = Debug;
		};
		E1BF56AC2B0AF6C1002444E6 /* Release */ = {
			isa = XCBuildConfiguration;
			buildSettings = {
				ALWAYS_SEARCH_USER_PATHS = NO;
				CLANG_ANALYZER_NONNULL = YES;
				CLANG_ANALYZER_NUMBER_OBJECT_CONVERSION = YES_AGGRESSIVE;
				CLANG_CXX_LANGUAGE_STANDARD = "gnu++20";
				CLANG_ENABLE_MODULES = YES;
				CLANG_ENABLE_OBJC_ARC = YES;
				CLANG_ENABLE_OBJC_WEAK = YES;
				CLANG_WARN_BLOCK_CAPTURE_AUTORELEASING = YES;
				CLANG_WARN_BOOL_CONVERSION = YES;
				CLANG_WARN_COMMA = YES;
				CLANG_WARN_CONSTANT_CONVERSION = YES;
				CLANG_WARN_DEPRECATED_OBJC_IMPLEMENTATIONS = YES;
				CLANG_WARN_DIRECT_OBJC_ISA_USAGE = YES_ERROR;
				CLANG_WARN_DOCUMENTATION_COMMENTS = YES;
				CLANG_WARN_EMPTY_BODY = YES;
				CLANG_WARN_ENUM_CONVERSION = YES;
				CLANG_WARN_INFINITE_RECURSION = YES;
				CLANG_WARN_INT_CONVERSION = YES;
				CLANG_WARN_NON_LITERAL_NULL_CONVERSION = YES;
				CLANG_WARN_OBJC_IMPLICIT_RETAIN_SELF = YES;
				CLANG_WARN_OBJC_LITERAL_CONVERSION = YES;
				CLANG_WARN_OBJC_ROOT_CLASS = YES_ERROR;
				CLANG_WARN_QUOTED_INCLUDE_IN_FRAMEWORK_HEADER = YES;
				CLANG_WARN_RANGE_LOOP_ANALYSIS = YES;
				CLANG_WARN_STRICT_PROTOTYPES = YES;
				CLANG_WARN_SUSPICIOUS_MOVE = YES;
				CLANG_WARN_UNGUARDED_AVAILABILITY = YES_AGGRESSIVE;
				CLANG_WARN_UNREACHABLE_CODE = YES;
				CLANG_WARN__DUPLICATE_METHOD_MATCH = YES;
				COPY_PHASE_STRIP = NO;
				DEBUG_INFORMATION_FORMAT = "dwarf-with-dsym";
				ENABLE_NS_ASSERTIONS = NO;
				ENABLE_STRICT_OBJC_MSGSEND = YES;
				GCC_C_LANGUAGE_STANDARD = gnu11;
				GCC_NO_COMMON_BLOCKS = YES;
				GCC_WARN_64_TO_32_BIT_CONVERSION = YES;
				GCC_WARN_ABOUT_RETURN_TYPE = YES_ERROR;
				GCC_WARN_UNDECLARED_SELECTOR = YES;
				GCC_WARN_UNINITIALIZED_AUTOS = YES_AGGRESSIVE;
				GCC_WARN_UNUSED_FUNCTION = YES;
				GCC_WARN_UNUSED_VARIABLE = YES;
				IPHONEOS_DEPLOYMENT_TARGET = 16.2;
				MTL_ENABLE_DEBUG_INFO = NO;
				MTL_FAST_MATH = YES;
				SDKROOT = iphoneos;
				SWIFT_COMPILATION_MODE = wholemodule;
				SWIFT_OPTIMIZATION_LEVEL = "-O";
				VALIDATE_PRODUCT = YES;
			};
			name = Release;
		};
		E1BF56AE2B0AF6C1002444E6 /* Debug */ = {
			isa = XCBuildConfiguration;
			buildSettings = {
				ASSETCATALOG_COMPILER_APPICON_NAME = AppIcon;
				ASSETCATALOG_COMPILER_GLOBAL_ACCENT_COLOR_NAME = AccentColor;
				CODE_SIGN_STYLE = Automatic;
				CURRENT_PROJECT_VERSION = 1;
				DEVELOPMENT_TEAM = BD7B25VW27;
				GENERATE_INFOPLIST_FILE = YES;
				INFOPLIST_FILE = "Sole Control/Info.plist";
				INFOPLIST_KEY_UIApplicationSupportsIndirectInputEvents = YES;
				INFOPLIST_KEY_UILaunchStoryboardName = LaunchScreen;
				INFOPLIST_KEY_UIMainStoryboardFile = Main;
				INFOPLIST_KEY_UISupportedInterfaceOrientations_iPad = "UIInterfaceOrientationPortrait UIInterfaceOrientationPortraitUpsideDown UIInterfaceOrientationLandscapeLeft UIInterfaceOrientationLandscapeRight";
				INFOPLIST_KEY_UISupportedInterfaceOrientations_iPhone = "UIInterfaceOrientationPortrait UIInterfaceOrientationLandscapeLeft UIInterfaceOrientationLandscapeRight";
				LD_RUNPATH_SEARCH_PATHS = (
					"$(inherited)",
					"@executable_path/Frameworks",
				);
				MARKETING_VERSION = 1.0;
				PRODUCT_BUNDLE_IDENTIFIER = "Maryville.Sole-Control";
				PRODUCT_NAME = "$(TARGET_NAME)";
				SWIFT_EMIT_LOC_STRINGS = YES;
				SWIFT_VERSION = 5.0;
				TARGETED_DEVICE_FAMILY = "1,2";
			};
			name = Debug;
		};
		E1BF56AF2B0AF6C1002444E6 /* Release */ = {
			isa = XCBuildConfiguration;
			buildSettings = {
				ASSETCATALOG_COMPILER_APPICON_NAME = AppIcon;
				ASSETCATALOG_COMPILER_GLOBAL_ACCENT_COLOR_NAME = AccentColor;
				CODE_SIGN_STYLE = Automatic;
				CURRENT_PROJECT_VERSION = 1;
				DEVELOPMENT_TEAM = BD7B25VW27;
				GENERATE_INFOPLIST_FILE = YES;
				INFOPLIST_FILE = "Sole Control/Info.plist";
				INFOPLIST_KEY_UIApplicationSupportsIndirectInputEvents = YES;
				INFOPLIST_KEY_UILaunchStoryboardName = LaunchScreen;
				INFOPLIST_KEY_UIMainStoryboardFile = Main;
				INFOPLIST_KEY_UISupportedInterfaceOrientations_iPad = "UIInterfaceOrientationPortrait UIInterfaceOrientationPortraitUpsideDown UIInterfaceOrientationLandscapeLeft UIInterfaceOrientationLandscapeRight";
				INFOPLIST_KEY_UISupportedInterfaceOrientations_iPhone = "UIInterfaceOrientationPortrait UIInterfaceOrientationLandscapeLeft UIInterfaceOrientationLandscapeRight";
				LD_RUNPATH_SEARCH_PATHS = (
					"$(inherited)",
					"@executable_path/Frameworks",
				);
				MARKETING_VERSION = 1.0;
				PRODUCT_BUNDLE_IDENTIFIER = "Maryville.Sole-Control";
				PRODUCT_NAME = "$(TARGET_NAME)";
				SWIFT_EMIT_LOC_STRINGS = YES;
				SWIFT_VERSION = 5.0;
				TARGETED_DEVICE_FAMILY = "1,2";
			};
			name = Release;
		};
		E1BF56B12B0AF6C1002444E6 /* Debug */ = {
			isa = XCBuildConfiguration;
			buildSettings = {
				ALWAYS_EMBED_SWIFT_STANDARD_LIBRARIES = YES;
				BUNDLE_LOADER = "$(TEST_HOST)";
				CODE_SIGN_STYLE = Automatic;
				CURRENT_PROJECT_VERSION = 1;
				DEVELOPMENT_TEAM = BD7B25VW27;
				GENERATE_INFOPLIST_FILE = YES;
				IPHONEOS_DEPLOYMENT_TARGET = 16.2;
				MARKETING_VERSION = 1.0;
				PRODUCT_BUNDLE_IDENTIFIER = "Maryville.Sole-ControlTests";
				PRODUCT_NAME = "$(TARGET_NAME)";
				SWIFT_EMIT_LOC_STRINGS = NO;
				SWIFT_VERSION = 5.0;
				TARGETED_DEVICE_FAMILY = "1,2";
				TEST_HOST = "$(BUILT_PRODUCTS_DIR)/Sole Control.app/$(BUNDLE_EXECUTABLE_FOLDER_PATH)/Sole Control";
			};
			name = Debug;
		};
		E1BF56B22B0AF6C1002444E6 /* Release */ = {
			isa = XCBuildConfiguration;
			buildSettings = {
				ALWAYS_EMBED_SWIFT_STANDARD_LIBRARIES = YES;
				BUNDLE_LOADER = "$(TEST_HOST)";
				CODE_SIGN_STYLE = Automatic;
				CURRENT_PROJECT_VERSION = 1;
				DEVELOPMENT_TEAM = BD7B25VW27;
				GENERATE_INFOPLIST_FILE = YES;
				IPHONEOS_DEPLOYMENT_TARGET = 16.2;
				MARKETING_VERSION = 1.0;
				PRODUCT_BUNDLE_IDENTIFIER = "Maryville.Sole-ControlTests";
				PRODUCT_NAME = "$(TARGET_NAME)";
				SWIFT_EMIT_LOC_STRINGS = NO;
				SWIFT_VERSION = 5.0;
				TARGETED_DEVICE_FAMILY = "1,2";
				TEST_HOST = "$(BUILT_PRODUCTS_DIR)/Sole Control.app/$(BUNDLE_EXECUTABLE_FOLDER_PATH)/Sole Control";
			};
			name = Release;
		};
		E1BF56B42B0AF6C1002444E6 /* Debug */ = {
			isa = XCBuildConfiguration;
			buildSettings = {
				ALWAYS_EMBED_SWIFT_STANDARD_LIBRARIES = YES;
				CODE_SIGN_STYLE = Automatic;
				CURRENT_PROJECT_VERSION = 1;
				DEVELOPMENT_TEAM = BD7B25VW27;
				GENERATE_INFOPLIST_FILE = YES;
				MARKETING_VERSION = 1.0;
				PRODUCT_BUNDLE_IDENTIFIER = "Maryville.Sole-ControlUITests";
				PRODUCT_NAME = "$(TARGET_NAME)";
				SWIFT_EMIT_LOC_STRINGS = NO;
				SWIFT_VERSION = 5.0;
				TARGETED_DEVICE_FAMILY = "1,2";
				TEST_TARGET_NAME = "Sole Control";
			};
			name = Debug;
		};
		E1BF56B52B0AF6C1002444E6 /* Release */ = {
			isa = XCBuildConfiguration;
			buildSettings = {
				ALWAYS_EMBED_SWIFT_STANDARD_LIBRARIES = YES;
				CODE_SIGN_STYLE = Automatic;
				CURRENT_PROJECT_VERSION = 1;
				DEVELOPMENT_TEAM = BD7B25VW27;
				GENERATE_INFOPLIST_FILE = YES;
				MARKETING_VERSION = 1.0;
				PRODUCT_BUNDLE_IDENTIFIER = "Maryville.Sole-ControlUITests";
				PRODUCT_NAME = "$(TARGET_NAME)";
				SWIFT_EMIT_LOC_STRINGS = NO;
				SWIFT_VERSION = 5.0;
				TARGETED_DEVICE_FAMILY = "1,2";
				TEST_TARGET_NAME = "Sole Control";
			};
			name = Release;
		};
/* End XCBuildConfiguration section */

/* Begin XCConfigurationList section */
		E1BF567E2B0AF6BF002444E6 /* Build configuration list for PBXProject "Sole Control" */ = {
			isa = XCConfigurationList;
			buildConfigurations = (
				E1BF56AB2B0AF6C1002444E6 /* Debug */,
				E1BF56AC2B0AF6C1002444E6 /* Release */,
			);
			defaultConfigurationIsVisible = 0;
			defaultConfigurationName = Release;
		};
		E1BF56AD2B0AF6C1002444E6 /* Build configuration list for PBXNativeTarget "Sole Control" */ = {
			isa = XCConfigurationList;
			buildConfigurations = (
				E1BF56AE2B0AF6C1002444E6 /* Debug */,
				E1BF56AF2B0AF6C1002444E6 /* Release */,
			);
			defaultConfigurationIsVisible = 0;
			defaultConfigurationName = Release;
		};
		E1BF56B02B0AF6C1002444E6 /* Build configuration list for PBXNativeTarget "Sole ControlTests" */ = {
			isa = XCConfigurationList;
			buildConfigurations = (
				E1BF56B12B0AF6C1002444E6 /* Debug */,
				E1BF56B22B0AF6C1002444E6 /* Release */,
			);
			defaultConfigurationIsVisible = 0;
			defaultConfigurationName = Release;
		};
		E1BF56B32B0AF6C1002444E6 /* Build configuration list for PBXNativeTarget "Sole ControlUITests" */ = {
			isa = XCConfigurationList;
			buildConfigurations = (
				E1BF56B42B0AF6C1002444E6 /* Debug */,
				E1BF56B52B0AF6C1002444E6 /* Release */,
			);
			defaultConfigurationIsVisible = 0;
			defaultConfigurationName = Release;
		};
/* End XCConfigurationList section */
	};
	rootObject = E1BF567B2B0AF6BF002444E6 /* Project object */;
}
